{
  "name": "vrminipdemo",
  "version": "1.0.0",
  "lockfileVersion": 1,
  "requires": true,
  "dependencies": {
    "abab": {
      "version": "2.0.3",
      "resolved": "https://registry.npm.taobao.org/abab/download/abab-2.0.3.tgz?cache=0&sync_timestamp=1573609024450&other_urls=https%3A%2F%2Fregistry.npm.taobao.org%2Fabab%2Fdownload%2Fabab-2.0.3.tgz",
      "integrity": "sha1-Yj4gdeAustPyR15J+ZyRhGRnkHo="
    },
    "threejs-miniprogram": {
      "version": "0.0.4",
      "resolved": "https://registry.npm.taobao.org/threejs-miniprogram/download/threejs-miniprogram-0.0.4.tgz",
      "integrity": "sha1-M9G3c7Ma3Iq8e3E64T/C5aRP9Gw=",
      "requires": {
        "abab": "^2.0.3"
      }
    }
  }
}
